# This file is automatically @generated by Wally.
# It is not intended for manual editing.
registry = "test"

[[package]]
name = "elitriare/bytenet-max"
version = "0.2.5"
dependencies = []

[[package]]
name = "lm-loleris/profilestore"
version = "1.0.3"
dependencies = []

[[package]]
name = "mattschrubb/zoneplus"
version = "3.2.0"
dependencies = []

[[package]]
name = "yes/rankmatchmakingdemo"
version = "0.1.0"
dependencies = [["bytenet-max", "elitriare/bytenet-max@0.2.5"], ["zoneplus", "mattschrubb/zoneplus@3.2.0"], ["Profilestore", "lm-loleris/profilestore@1.0.3"]]
